// !$*UTF8*$!
{
	archiveVersion = 1;
	classes = {
	};
	objectVersion = 56;
	objects = {

/* Begin PBXBuildFile section */
		2D19383F2A1A733800E40D88 /* ExtinguishAppApp.swift in Sources */ = {isa = PBXBuildFile; fileRef = 2D19383E2A1A733800E40D88 /* ExtinguishAppApp.swift */; };
		2D1938412A1A733800E40D88 /* ContentView.swift in Sources */ = {isa = PBXBuildFile; fileRef = 2D1938402A1A733800E40D88 /* ContentView.swift */; };
		2D1938432A1A733900E40D88 /* Assets.xcassets in Resources */ = {isa = PBXBuildFile; fileRef = 2D1938422A1A733900E40D88 /* Assets.xcassets */; };
		2D1938462A1A733900E40D88 /* Preview Assets.xcassets in Resources */ = {isa = PBXBuildFile; fileRef = 2D1938452A1A733900E40D88 /* Preview Assets.xcassets */; };
		2D1938512A1A739500E40D88 /* ATaskSummary.swift in Sources */ = {isa = PBXBuildFile; fileRef = 2D1938502A1A739500E40D88 /* ATaskSummary.swift */; };
		2D1938532A1A73B400E40D88 /* MTaskSummary.swift in Sources */ = {isa = PBXBuildFile; fileRef = 2D1938522A1A73B400E40D88 /* MTaskSummary.swift */; };
		2D1938562A1A73FC00E40D88 /* AuditorDetailsModel.swift in Sources */ = {isa = PBXBuildFile; fileRef = 2D1938552A1A73FC00E40D88 /* AuditorDetailsModel.swift */; };
		2D1938582A1A741100E40D88 /* ManagerDetailsModel.swift in Sources */ = {isa = PBXBuildFile; fileRef = 2D1938572A1A741100E40D88 /* ManagerDetailsModel.swift */; };
		2D19385A2A1A742400E40D88 /* CompanyDetailsModel.swift in Sources */ = {isa = PBXBuildFile; fileRef = 2D1938592A1A742400E40D88 /* CompanyDetailsModel.swift */; };
		2D19385C2A1A745800E40D88 /* DistributorDetailsModel.swift in Sources */ = {isa = PBXBuildFile; fileRef = 2D19385B2A1A745800E40D88 /* DistributorDetailsModel.swift */; };
		2D19385E2A1A748C00E40D88 /* SubtaskModel.swift in Sources */ = {isa = PBXBuildFile; fileRef = 2D19385D2A1A748C00E40D88 /* SubtaskModel.swift */; };
		2D1938602A1A749B00E40D88 /* TaskModel.swift in Sources */ = {isa = PBXBuildFile; fileRef = 2D19385F2A1A749B00E40D88 /* TaskModel.swift */; };
		2D1938632A1A76BE00E40D88 /* DateViewModel.swift in Sources */ = {isa = PBXBuildFile; fileRef = 2D1938622A1A76BE00E40D88 /* DateViewModel.swift */; };
		2D1938672A1A7F6200E40D88 /* View-Extension.swift in Sources */ = {isa = PBXBuildFile; fileRef = 2D1938662A1A7F6200E40D88 /* View-Extension.swift */; };
		2D1938692A1AAD1300E40D88 /* StaticData.swift in Sources */ = {isa = PBXBuildFile; fileRef = 2D1938682A1AAD1300E40D88 /* StaticData.swift */; };
		2D19386C2A35A5A200E40D88 /* CustomSegmentedControl.swift in Sources */ = {isa = PBXBuildFile; fileRef = 2D19386B2A35A5A200E40D88 /* CustomSegmentedControl.swift */; };
		2D19386E2A35BED300E40D88 /* MTaskDetail.swift in Sources */ = {isa = PBXBuildFile; fileRef = 2D19386D2A35BED300E40D88 /* MTaskDetail.swift */; };
		2D1938702A398B1200E40D88 /* Login.swift in Sources */ = {isa = PBXBuildFile; fileRef = 2D19386F2A398B1200E40D88 /* Login.swift */; };
		2D1938722A39B33200E40D88 /* MProfile.swift in Sources */ = {isa = PBXBuildFile; fileRef = 2D1938712A39B33200E40D88 /* MProfile.swift */; };
		2D1938742A39B34200E40D88 /* AProfile.swift in Sources */ = {isa = PBXBuildFile; fileRef = 2D1938732A39B34200E40D88 /* AProfile.swift */; };
		2D1938762A39B36000E40D88 /* ATaskDetail.swift in Sources */ = {isa = PBXBuildFile; fileRef = 2D1938752A39B36000E40D88 /* ATaskDetail.swift */; };
		2D1938782A3A209F00E40D88 /* SubtaskView.swift in Sources */ = {isa = PBXBuildFile; fileRef = 2D1938772A3A209F00E40D88 /* SubtaskView.swift */; };
		2D19387A2A3A23D600E40D88 /* ProfileItemCard.swift in Sources */ = {isa = PBXBuildFile; fileRef = 2D1938792A3A23D600E40D88 /* ProfileItemCard.swift */; };
		2D19387C2A3A285800E40D88 /* ChangePassword.swift in Sources */ = {isa = PBXBuildFile; fileRef = 2D19387B2A3A285800E40D88 /* ChangePassword.swift */; };
		2D1938802A3A2B0C00E40D88 /* MAuditorList.swift in Sources */ = {isa = PBXBuildFile; fileRef = 2D19387F2A3A2B0C00E40D88 /* MAuditorList.swift */; };
		2D1938822A3F6A1D00E40D88 /* Users.swift in Sources */ = {isa = PBXBuildFile; fileRef = 2D1938812A3F6A1D00E40D88 /* Users.swift */; };
		2D1938842A3F6BF300E40D88 /* Network.swift in Sources */ = {isa = PBXBuildFile; fileRef = 2D1938832A3F6BF300E40D88 /* Network.swift */; };
		2D1938882A3F72AD00E40D88 /* Navigation.swift in Sources */ = {isa = PBXBuildFile; fileRef = 2D1938872A3F72AD00E40D88 /* Navigation.swift */; };
		2D19388A2A3F93E100E40D88 /* ManagerApi.swift in Sources */ = {isa = PBXBuildFile; fileRef = 2D1938892A3F93E100E40D88 /* ManagerApi.swift */; };
		2D19388C2A419C4800E40D88 /* MapScreen.swift in Sources */ = {isa = PBXBuildFile; fileRef = 2D19388B2A419C4800E40D88 /* MapScreen.swift */; };
		2D19388E2A419D8100E40D88 /* MAuditorDetail.swift in Sources */ = {isa = PBXBuildFile; fileRef = 2D19388D2A419D8100E40D88 /* MAuditorDetail.swift */; };
		2DB4B88D2A4B5F4800365D7D /* AuditorApi.swift in Sources */ = {isa = PBXBuildFile; fileRef = 2DB4B88C2A4B5F4800365D7D /* AuditorApi.swift */; };
/* End PBXBuildFile section */

/* Begin PBXFileReference section */
		2D19383B2A1A733800E40D88 /* ExtinguishApp.app */ = {isa = PBXFileReference; explicitFileType = wrapper.application; includeInIndex = 0; path = ExtinguishApp.app; sourceTree = BUILT_PRODUCTS_DIR; };
		2D19383E2A1A733800E40D88 /* ExtinguishAppApp.swift */ = {isa = PBXFileReference; lastKnownFileType = sourcecode.swift; path = ExtinguishAppApp.swift; sourceTree = "<group>"; };
		2D1938402A1A733800E40D88 /* ContentView.swift */ = {isa = PBXFileReference; lastKnownFileType = sourcecode.swift; path = ContentView.swift; sourceTree = "<group>"; };
		2D1938422A1A733900E40D88 /* Assets.xcassets */ = {isa = PBXFileReference; lastKnownFileType = folder.assetcatalog; path = Assets.xcassets; sourceTree = "<group>"; };
		2D1938452A1A733900E40D88 /* Preview Assets.xcassets */ = {isa = PBXFileReference; lastKnownFileType = folder.assetcatalog; path = "Preview Assets.xcassets"; sourceTree = "<group>"; };
		2D1938502A1A739500E40D88 /* ATaskSummary.swift */ = {isa = PBXFileReference; lastKnownFileType = sourcecode.swift; path = ATaskSummary.swift; sourceTree = "<group>"; };
		2D1938522A1A73B400E40D88 /* MTaskSummary.swift */ = {isa = PBXFileReference; lastKnownFileType = sourcecode.swift; path = MTaskSummary.swift; sourceTree = "<group>"; };
		2D1938552A1A73FC00E40D88 /* AuditorDetailsModel.swift */ = {isa = PBXFileReference; lastKnownFileType = sourcecode.swift; path = AuditorDetailsModel.swift; sourceTree = "<group>"; };
		2D1938572A1A741100E40D88 /* ManagerDetailsModel.swift */ = {isa = PBXFileReference; lastKnownFileType = sourcecode.swift; path = ManagerDetailsModel.swift; sourceTree = "<group>"; };
		2D1938592A1A742400E40D88 /* CompanyDetailsModel.swift */ = {isa = PBXFileReference; lastKnownFileType = sourcecode.swift; path = CompanyDetailsModel.swift; sourceTree = "<group>"; };
		2D19385B2A1A745800E40D88 /* DistributorDetailsModel.swift */ = {isa = PBXFileReference; lastKnownFileType = sourcecode.swift; path = DistributorDetailsModel.swift; sourceTree = "<group>"; };
		2D19385D2A1A748C00E40D88 /* SubtaskModel.swift */ = {isa = PBXFileReference; lastKnownFileType = sourcecode.swift; path = SubtaskModel.swift; sourceTree = "<group>"; };
		2D19385F2A1A749B00E40D88 /* TaskModel.swift */ = {isa = PBXFileReference; lastKnownFileType = sourcecode.swift; path = TaskModel.swift; sourceTree = "<group>"; };
		2D1938622A1A76BE00E40D88 /* DateViewModel.swift */ = {isa = PBXFileReference; lastKnownFileType = sourcecode.swift; path = DateViewModel.swift; sourceTree = "<group>"; };
		2D1938662A1A7F6200E40D88 /* View-Extension.swift */ = {isa = PBXFileReference; lastKnownFileType = sourcecode.swift; path = "View-Extension.swift"; sourceTree = "<group>"; };
		2D1938682A1AAD1300E40D88 /* StaticData.swift */ = {isa = PBXFileReference; lastKnownFileType = sourcecode.swift; path = StaticData.swift; sourceTree = "<group>"; };
		2D19386B2A35A5A200E40D88 /* CustomSegmentedControl.swift */ = {isa = PBXFileReference; lastKnownFileType = sourcecode.swift; path = CustomSegmentedControl.swift; sourceTree = "<group>"; };
		2D19386D2A35BED300E40D88 /* MTaskDetail.swift */ = {isa = PBXFileReference; lastKnownFileType = sourcecode.swift; path = MTaskDetail.swift; sourceTree = "<group>"; };
		2D19386F2A398B1200E40D88 /* Login.swift */ = {isa = PBXFileReference; lastKnownFileType = sourcecode.swift; path = Login.swift; sourceTree = "<group>"; };
		2D1938712A39B33200E40D88 /* MProfile.swift */ = {isa = PBXFileReference; lastKnownFileType = sourcecode.swift; path = MProfile.swift; sourceTree = "<group>"; };
		2D1938732A39B34200E40D88 /* AProfile.swift */ = {isa = PBXFileReference; lastKnownFileType = sourcecode.swift; path = AProfile.swift; sourceTree = "<group>"; };
		2D1938752A39B36000E40D88 /* ATaskDetail.swift */ = {isa = PBXFileReference; lastKnownFileType = sourcecode.swift; path = ATaskDetail.swift; sourceTree = "<group>"; };
		2D1938772A3A209F00E40D88 /* SubtaskView.swift */ = {isa = PBXFileReference; lastKnownFileType = sourcecode.swift; path = SubtaskView.swift; sourceTree = "<group>"; };
		2D1938792A3A23D600E40D88 /* ProfileItemCard.swift */ = {isa = PBXFileReference; lastKnownFileType = sourcecode.swift; path = ProfileItemCard.swift; sourceTree = "<group>"; };
		2D19387B2A3A285800E40D88 /* ChangePassword.swift */ = {isa = PBXFileReference; lastKnownFileType = sourcecode.swift; path = ChangePassword.swift; sourceTree = "<group>"; };
		2D19387F2A3A2B0C00E40D88 /* MAuditorList.swift */ = {isa = PBXFileReference; lastKnownFileType = sourcecode.swift; path = MAuditorList.swift; sourceTree = "<group>"; };
		2D1938812A3F6A1D00E40D88 /* Users.swift */ = {isa = PBXFileReference; lastKnownFileType = sourcecode.swift; path = Users.swift; sourceTree = "<group>"; };
		2D1938832A3F6BF300E40D88 /* Network.swift */ = {isa = PBXFileReference; lastKnownFileType = sourcecode.swift; path = Network.swift; sourceTree = "<group>"; };
		2D1938872A3F72AD00E40D88 /* Navigation.swift */ = {isa = PBXFileReference; lastKnownFileType = sourcecode.swift; path = Navigation.swift; sourceTree = "<group>"; };
		2D1938892A3F93E100E40D88 /* ManagerApi.swift */ = {isa = PBXFileReference; lastKnownFileType = sourcecode.swift; path = ManagerApi.swift; sourceTree = "<group>"; };
		2D19388B2A419C4800E40D88 /* MapScreen.swift */ = {isa = PBXFileReference; lastKnownFileType = sourcecode.swift; path = MapScreen.swift; sourceTree = "<group>"; };
		2D19388D2A419D8100E40D88 /* MAuditorDetail.swift */ = {isa = PBXFileReference; lastKnownFileType = sourcecode.swift; path = MAuditorDetail.swift; sourceTree = "<group>"; };
		2DB4B88C2A4B5F4800365D7D /* AuditorApi.swift */ = {isa = PBXFileReference; lastKnownFileType = sourcecode.swift; path = AuditorApi.swift; sourceTree = "<group>"; };
/* End PBXFileReference section */

/* Begin PBXFrameworksBuildPhase section */
		2D1938382A1A733800E40D88 /* Frameworks */ = {
			isa = PBXFrameworksBuildPhase;
			buildActionMask = 2147483647;
			files = (
			);
			runOnlyForDeploymentPostprocessing = 0;
		};
/* End PBXFrameworksBuildPhase section */

/* Begin PBXGroup section */
		2D1938322A1A733800E40D88 = {
			isa = PBXGroup;
			children = (
				2D19383D2A1A733800E40D88 /* ExtinguishApp */,
				2D19383C2A1A733800E40D88 /* Products */,
			);
			sourceTree = "<group>";
		};
		2D19383C2A1A733800E40D88 /* Products */ = {
			isa = PBXGroup;
			children = (
				2D19383B2A1A733800E40D88 /* ExtinguishApp.app */,
			);
			name = Products;
			sourceTree = "<group>";
		};
		2D19383D2A1A733800E40D88 /* ExtinguishApp */ = {
			isa = PBXGroup;
			children = (
				2D19386A2A35A58300E40D88 /* CustomElements */,
				2D1938652A1A7F4B00E40D88 /* Extensions */,
				2D1938612A1A76A100E40D88 /* ViewModels */,
				2D1938542A1A73BC00E40D88 /* DataModels */,
				2D19384C2A1A735300E40D88 /* Screens */,
				2D19383E2A1A733800E40D88 /* ExtinguishAppApp.swift */,
				2D1938402A1A733800E40D88 /* ContentView.swift */,
				2D1938422A1A733900E40D88 /* Assets.xcassets */,
				2D1938442A1A733900E40D88 /* Preview Content */,
			);
			path = ExtinguishApp;
			sourceTree = "<group>";
		};
		2D1938442A1A733900E40D88 /* Preview Content */ = {
			isa = PBXGroup;
			children = (
				2D1938452A1A733900E40D88 /* Preview Assets.xcassets */,
			);
			path = "Preview Content";
			sourceTree = "<group>";
		};
		2D19384C2A1A735300E40D88 /* Screens */ = {
			isa = PBXGroup;
			children = (
				2D19384F2A1A737900E40D88 /* General */,
				2D19384E2A1A736C00E40D88 /* Manager */,
				2D19384D2A1A735F00E40D88 /* Auditor */,
			);
			path = Screens;
			sourceTree = "<group>";
		};
		2D19384D2A1A735F00E40D88 /* Auditor */ = {
			isa = PBXGroup;
			children = (
				2D1938502A1A739500E40D88 /* ATaskSummary.swift */,
				2D1938732A39B34200E40D88 /* AProfile.swift */,
				2D1938752A39B36000E40D88 /* ATaskDetail.swift */,
			);
			path = Auditor;
			sourceTree = "<group>";
		};
		2D19384E2A1A736C00E40D88 /* Manager */ = {
			isa = PBXGroup;
			children = (
				2D1938522A1A73B400E40D88 /* MTaskSummary.swift */,
				2D19386D2A35BED300E40D88 /* MTaskDetail.swift */,
				2D1938712A39B33200E40D88 /* MProfile.swift */,
				2D19387F2A3A2B0C00E40D88 /* MAuditorList.swift */,
				2D19388D2A419D8100E40D88 /* MAuditorDetail.swift */,
			);
			path = Manager;
			sourceTree = "<group>";
		};
		2D19384F2A1A737900E40D88 /* General */ = {
			isa = PBXGroup;
			children = (
				2D19386F2A398B1200E40D88 /* Login.swift */,
				2D19387B2A3A285800E40D88 /* ChangePassword.swift */,
				2D1938872A3F72AD00E40D88 /* Navigation.swift */,
				2D19388B2A419C4800E40D88 /* MapScreen.swift */,
			);
			path = General;
			sourceTree = "<group>";
		};
		2D1938542A1A73BC00E40D88 /* DataModels */ = {
			isa = PBXGroup;
			children = (
				2D1938552A1A73FC00E40D88 /* AuditorDetailsModel.swift */,
				2D1938572A1A741100E40D88 /* ManagerDetailsModel.swift */,
				2D1938592A1A742400E40D88 /* CompanyDetailsModel.swift */,
				2D19385B2A1A745800E40D88 /* DistributorDetailsModel.swift */,
				2D19385D2A1A748C00E40D88 /* SubtaskModel.swift */,
				2D19385F2A1A749B00E40D88 /* TaskModel.swift */,
				2D1938682A1AAD1300E40D88 /* StaticData.swift */,
				2D1938812A3F6A1D00E40D88 /* Users.swift */,
			);
			path = DataModels;
			sourceTree = "<group>";
		};
		2D1938612A1A76A100E40D88 /* ViewModels */ = {
			isa = PBXGroup;
			children = (
				2D1938622A1A76BE00E40D88 /* DateViewModel.swift */,
				2D1938832A3F6BF300E40D88 /* Network.swift */,
				2D1938892A3F93E100E40D88 /* ManagerApi.swift */,
				2DB4B88C2A4B5F4800365D7D /* AuditorApi.swift */,
			);
			path = ViewModels;
			sourceTree = "<group>";
		};
		2D1938652A1A7F4B00E40D88 /* Extensions */ = {
			isa = PBXGroup;
			children = (
				2D1938662A1A7F6200E40D88 /* View-Extension.swift */,
			);
			path = Extensions;
			sourceTree = "<group>";
		};
		2D19386A2A35A58300E40D88 /* CustomElements */ = {
			isa = PBXGroup;
			children = (
				2D19386B2A35A5A200E40D88 /* CustomSegmentedControl.swift */,
				2D1938772A3A209F00E40D88 /* SubtaskView.swift */,
				2D1938792A3A23D600E40D88 /* ProfileItemCard.swift */,
			);
			path = CustomElements;
			sourceTree = "<group>";
		};
/* End PBXGroup section */

/* Begin PBXNativeTarget section */
		2D19383A2A1A733800E40D88 /* ExtinguishApp */ = {
			isa = PBXNativeTarget;
			buildConfigurationList = 2D1938492A1A733900E40D88 /* Build configuration list for PBXNativeTarget "ExtinguishApp" */;
			buildPhases = (
				2D1938372A1A733800E40D88 /* Sources */,
				2D1938382A1A733800E40D88 /* Frameworks */,
				2D1938392A1A733800E40D88 /* Resources */,
			);
			buildRules = (
			);
			dependencies = (
			);
			name = ExtinguishApp;
			productName = ExtinguishApp;
			productReference = 2D19383B2A1A733800E40D88 /* ExtinguishApp.app */;
			productType = "com.apple.product-type.application";
		};
/* End PBXNativeTarget section */

/* Begin PBXProject section */
		2D1938332A1A733800E40D88 /* Project object */ = {
			isa = PBXProject;
			attributes = {
				BuildIndependentTargetsInParallel = 1;
				LastSwiftUpdateCheck = 1420;
				LastUpgradeCheck = 1420;
				TargetAttributes = {
					2D19383A2A1A733800E40D88 = {
						CreatedOnToolsVersion = 14.2;
					};
				};
			};
			buildConfigurationList = 2D1938362A1A733800E40D88 /* Build configuration list for PBXProject "ExtinguishApp" */;
			compatibilityVersion = "Xcode 14.0";
			developmentRegion = en;
			hasScannedForEncodings = 0;
			knownRegions = (
				en,
				Base,
			);
			mainGroup = 2D1938322A1A733800E40D88;
			productRefGroup = 2D19383C2A1A733800E40D88 /* Products */;
			projectDirPath = "";
			projectRoot = "";
			targets = (
				2D19383A2A1A733800E40D88 /* ExtinguishApp */,
			);
		};
/* End PBXProject section */

/* Begin PBXResourcesBuildPhase section */
		2D1938392A1A733800E40D88 /* Resources */ = {
			isa = PBXResourcesBuildPhase;
			buildActionMask = 2147483647;
			files = (
				2D1938462A1A733900E40D88 /* Preview Assets.xcassets in Resources */,
				2D1938432A1A733900E40D88 /* Assets.xcassets in Resources */,
			);
			runOnlyForDeploymentPostprocessing = 0;
		};
/* End PBXResourcesBuildPhase section */

/* Begin PBXSourcesBuildPhase section */
		2D1938372A1A733800E40D88 /* Sources */ = {
			isa = PBXSourcesBuildPhase;
			buildActionMask = 2147483647;
			files = (
				2D1938412A1A733800E40D88 /* ContentView.swift in Sources */,
				2D19385E2A1A748C00E40D88 /* SubtaskModel.swift in Sources */,
				2D1938602A1A749B00E40D88 /* TaskModel.swift in Sources */,
				2D19385A2A1A742400E40D88 /* CompanyDetailsModel.swift in Sources */,
				2D19385C2A1A745800E40D88 /* DistributorDetailsModel.swift in Sources */,
				2D1938562A1A73FC00E40D88 /* AuditorDetailsModel.swift in Sources */,
				2D1938632A1A76BE00E40D88 /* DateViewModel.swift in Sources */,
				2D19386C2A35A5A200E40D88 /* CustomSegmentedControl.swift in Sources */,
				2D19387C2A3A285800E40D88 /* ChangePassword.swift in Sources */,
				2DB4B88D2A4B5F4800365D7D /* AuditorApi.swift in Sources */,
				2D1938882A3F72AD00E40D88 /* Navigation.swift in Sources */,
				2D1938802A3A2B0C00E40D88 /* MAuditorList.swift in Sources */,
				2D1938842A3F6BF300E40D88 /* Network.swift in Sources */,
				2D1938512A1A739500E40D88 /* ATaskSummary.swift in Sources */,
				2D1938672A1A7F6200E40D88 /* View-Extension.swift in Sources */,
				2D19388E2A419D8100E40D88 /* MAuditorDetail.swift in Sources */,
				2D19383F2A1A733800E40D88 /* ExtinguishAppApp.swift in Sources */,
				2D19386E2A35BED300E40D88 /* MTaskDetail.swift in Sources */,
				2D1938722A39B33200E40D88 /* MProfile.swift in Sources */,
				2D19387A2A3A23D600E40D88 /* ProfileItemCard.swift in Sources */,
				2D1938822A3F6A1D00E40D88 /* Users.swift in Sources */,
				2D19388A2A3F93E100E40D88 /* ManagerApi.swift in Sources */,
				2D1938762A39B36000E40D88 /* ATaskDetail.swift in Sources */,
				2D1938582A1A741100E40D88 /* ManagerDetailsModel.swift in Sources */,
				2D1938692A1AAD1300E40D88 /* StaticData.swift in Sources */,
				2D1938782A3A209F00E40D88 /* SubtaskView.swift in Sources */,
				2D19388C2A419C4800E40D88 /* MapScreen.swift in Sources */,
				2D1938742A39B34200E40D88 /* AProfile.swift in Sources */,
				2D1938532A1A73B400E40D88 /* MTaskSummary.swift in Sources */,
				2D1938702A398B1200E40D88 /* Login.swift in Sources */,
			);
			runOnlyForDeploymentPostprocessing = 0;
		};
/* End PBXSourcesBuildPhase section */

/* Begin XCBuildConfiguration section */
		2D1938472A1A733900E40D88 /* Debug */ = {
			isa = XCBuildConfiguration;
			buildSettings = {
				ALWAYS_SEARCH_USER_PATHS = NO;
				CLANG_ANALYZER_NONNULL = YES;
				CLANG_ANALYZER_NUMBER_OBJECT_CONVERSION = YES_AGGRESSIVE;
				CLANG_CXX_LANGUAGE_STANDARD = "gnu++20";
				CLANG_ENABLE_MODULES = YES;
				CLANG_ENABLE_OBJC_ARC = YES;
				CLANG_ENABLE_OBJC_WEAK = YES;
				CLANG_WARN_BLOCK_CAPTURE_AUTORELEASING = YES;
				CLANG_WARN_BOOL_CONVERSION = YES;
				CLANG_WARN_COMMA = YES;
				CLANG_WARN_CONSTANT_CONVERSION = YES;
				CLANG_WARN_DEPRECATED_OBJC_IMPLEMENTATIONS = YES;
				CLANG_WARN_DIRECT_OBJC_ISA_USAGE = YES_ERROR;
				CLANG_WARN_DOCUMENTATION_COMMENTS = YES;
				CLANG_WARN_EMPTY_BODY = YES;
				CLANG_WARN_ENUM_CONVERSION = YES;
				CLANG_WARN_INFINITE_RECURSION = YES;
				CLANG_WARN_INT_CONVERSION = YES;
				CLANG_WARN_NON_LITERAL_NULL_CONVERSION = YES;
				CLANG_WARN_OBJC_IMPLICIT_RETAIN_SELF = YES;
				CLANG_WARN_OBJC_LITERAL_CONVERSION = YES;
				CLANG_WARN_OBJC_ROOT_CLASS = YES_ERROR;
				CLANG_WARN_QUOTED_INCLUDE_IN_FRAMEWORK_HEADER = YES;
				CLANG_WARN_RANGE_LOOP_ANALYSIS = YES;
				CLANG_WARN_STRICT_PROTOTYPES = YES;
				CLANG_WARN_SUSPICIOUS_MOVE = YES;
				CLANG_WARN_UNGUARDED_AVAILABILITY = YES_AGGRESSIVE;
				CLANG_WARN_UNREACHABLE_CODE = YES;
				CLANG_WARN__DUPLICATE_METHOD_MATCH = YES;
				COPY_PHASE_STRIP = NO;
				DEBUG_INFORMATION_FORMAT = dwarf;
				ENABLE_STRICT_OBJC_MSGSEND = YES;
				ENABLE_TESTABILITY = YES;
				GCC_C_LANGUAGE_STANDARD = gnu11;
				GCC_DYNAMIC_NO_PIC = NO;
				GCC_NO_COMMON_BLOCKS = YES;
				GCC_OPTIMIZATION_LEVEL = 0;
				GCC_PREPROCESSOR_DEFINITIONS = (
					"DEBUG=1",
					"$(inherited)",
				);
				GCC_WARN_64_TO_32_BIT_CONVERSION = YES;
				GCC_WARN_ABOUT_RETURN_TYPE = YES_ERROR;
				GCC_WARN_UNDECLARED_SELECTOR = YES;
				GCC_WARN_UNINITIALIZED_AUTOS = YES_AGGRESSIVE;
				GCC_WARN_UNUSED_FUNCTION = YES;
				GCC_WARN_UNUSED_VARIABLE = YES;
				IPHONEOS_DEPLOYMENT_TARGET = 16.2;
				MTL_ENABLE_DEBUG_INFO = INCLUDE_SOURCE;
				MTL_FAST_MATH = YES;
				ONLY_ACTIVE_ARCH = YES;
				SDKROOT = iphoneos;
				SWIFT_ACTIVE_COMPILATION_CONDITIONS = DEBUG;
				SWIFT_OPTIMIZATION_LEVEL = "-Onone";
			};
			name = Debug;
		};
		2D1938482A1A733900E40D88 /* Release */ = {
			isa = XCBuildConfiguration;
			buildSettings = {
				ALWAYS_SEARCH_USER_PATHS = NO;
				CLANG_ANALYZER_NONNULL = YES;
				CLANG_ANALYZER_NUMBER_OBJECT_CONVERSION = YES_AGGRESSIVE;
				CLANG_CXX_LANGUAGE_STANDARD = "gnu++20";
				CLANG_ENABLE_MODULES = YES;
				CLANG_ENABLE_OBJC_ARC = YES;
				CLANG_ENABLE_OBJC_WEAK = YES;
				CLANG_WARN_BLOCK_CAPTURE_AUTORELEASING = YES;
				CLANG_WARN_BOOL_CONVERSION = YES;
				CLANG_WARN_COMMA = YES;
				CLANG_WARN_CONSTANT_CONVERSION = YES;
				CLANG_WARN_DEPRECATED_OBJC_IMPLEMENTATIONS = YES;
				CLANG_WARN_DIRECT_OBJC_ISA_USAGE = YES_ERROR;
				CLANG_WARN_DOCUMENTATION_COMMENTS = YES;
				CLANG_WARN_EMPTY_BODY = YES;
				CLANG_WARN_ENUM_CONVERSION = YES;
				CLANG_WARN_INFINITE_RECURSION = YES;
				CLANG_WARN_INT_CONVERSION = YES;
				CLANG_WARN_NON_LITERAL_NULL_CONVERSION = YES;
				CLANG_WARN_OBJC_IMPLICIT_RETAIN_SELF = YES;
				CLANG_WARN_OBJC_LITERAL_CONVERSION = YES;
				CLANG_WARN_OBJC_ROOT_CLASS = YES_ERROR;
				CLANG_WARN_QUOTED_INCLUDE_IN_FRAMEWORK_HEADER = YES;
				CLANG_WARN_RANGE_LOOP_ANALYSIS = YES;
				CLANG_WARN_STRICT_PROTOTYPES = YES;
				CLANG_WARN_SUSPICIOUS_MOVE = YES;
				CLANG_WARN_UNGUARDED_AVAILABILITY = YES_AGGRESSIVE;
				CLANG_WARN_UNREACHABLE_CODE = YES;
				CLANG_WARN__DUPLICATE_METHOD_MATCH = YES;
				COPY_PHASE_STRIP = NO;
				DEBUG_INFORMATION_FORMAT = "dwarf-with-dsym";
				ENABLE_NS_ASSERTIONS = NO;
				ENABLE_STRICT_OBJC_MSGSEND = YES;
				GCC_C_LANGUAGE_STANDARD = gnu11;
				GCC_NO_COMMON_BLOCKS = YES;
				GCC_WARN_64_TO_32_BIT_CONVERSION = YES;
				GCC_WARN_ABOUT_RETURN_TYPE = YES_ERROR;
				GCC_WARN_UNDECLARED_SELECTOR = YES;
				GCC_WARN_UNINITIALIZED_AUTOS = YES_AGGRESSIVE;
				GCC_WARN_UNUSED_FUNCTION = YES;
				GCC_WARN_UNUSED_VARIABLE = YES;
				IPHONEOS_DEPLOYMENT_TARGET = 16.2;
				MTL_ENABLE_DEBUG_INFO = NO;
				MTL_FAST_MATH = YES;
				SDKROOT = iphoneos;
				SWIFT_COMPILATION_MODE = wholemodule;
				SWIFT_OPTIMIZATION_LEVEL = "-O";
				VALIDATE_PRODUCT = YES;
			};
			name = Release;
		};
		2D19384A2A1A733900E40D88 /* Debug */ = {
			isa = XCBuildConfiguration;
			buildSettings = {
				ASSETCATALOG_COMPILER_APPICON_NAME = AppIcon;
				ASSETCATALOG_COMPILER_GLOBAL_ACCENT_COLOR_NAME = AccentColor;
				CODE_SIGN_STYLE = Automatic;
				CURRENT_PROJECT_VERSION = 1;
				DEVELOPMENT_ASSET_PATHS = "\"ExtinguishApp/Preview Content\"";
				DEVELOPMENT_TEAM = 24VQSR4D29;
				ENABLE_PREVIEWS = YES;
				GENERATE_INFOPLIST_FILE = YES;
				INFOPLIST_KEY_UIApplicationSceneManifest_Generation = YES;
				INFOPLIST_KEY_UIApplicationSupportsIndirectInputEvents = YES;
				INFOPLIST_KEY_UILaunchScreen_Generation = YES;
				INFOPLIST_KEY_UISupportedInterfaceOrientations_iPad = "UIInterfaceOrientationPortrait UIInterfaceOrientationPortraitUpsideDown UIInterfaceOrientationLandscapeLeft UIInterfaceOrientationLandscapeRight";
				INFOPLIST_KEY_UISupportedInterfaceOrientations_iPhone = "UIInterfaceOrientationPortrait UIInterfaceOrientationLandscapeLeft UIInterfaceOrientationLandscapeRight";
				LD_RUNPATH_SEARCH_PATHS = (
					"$(inherited)",
					"@executable_path/Frameworks",
				);
				MARKETING_VERSION = 1.0;
				PRODUCT_BUNDLE_IDENTIFIER = com.example.ExtinguishApp;
				PRODUCT_NAME = "$(TARGET_NAME)";
				SWIFT_EMIT_LOC_STRINGS = YES;
				SWIFT_VERSION = 5.0;
				TARGETED_DEVICE_FAMILY = "1,2";
			};
			name = Debug;
		};
		2D19384B2A1A733900E40D88 /* Release */ = {
			isa = XCBuildConfiguration;
			buildSettings = {
				ASSETCATALOG_COMPILER_APPICON_NAME = AppIcon;
				ASSETCATALOG_COMPILER_GLOBAL_ACCENT_COLOR_NAME = AccentColor;
				CODE_SIGN_STYLE = Automatic;
				CURRENT_PROJECT_VERSION = 1;
				DEVELOPMENT_ASSET_PATHS = "\"ExtinguishApp/Preview Content\"";
				DEVELOPMENT_TEAM = 24VQSR4D29;
				ENABLE_PREVIEWS = YES;
				GENERATE_INFOPLIST_FILE = YES;
				INFOPLIST_KEY_UIApplicationSceneManifest_Generation = YES;
				INFOPLIST_KEY_UIApplicationSupportsIndirectInputEvents = YES;
				INFOPLIST_KEY_UILaunchScreen_Generation = YES;
				INFOPLIST_KEY_UISupportedInterfaceOrientations_iPad = "UIInterfaceOrientationPortrait UIInterfaceOrientationPortraitUpsideDown UIInterfaceOrientationLandscapeLeft UIInterfaceOrientationLandscapeRight";
				INFOPLIST_KEY_UISupportedInterfaceOrientations_iPhone = "UIInterfaceOrientationPortrait UIInterfaceOrientationLandscapeLeft UIInterfaceOrientationLandscapeRight";
				LD_RUNPATH_SEARCH_PATHS = (
					"$(inherited)",
					"@executable_path/Frameworks",
				);
				MARKETING_VERSION = 1.0;
				PRODUCT_BUNDLE_IDENTIFIER = com.example.ExtinguishApp;
				PRODUCT_NAME = "$(TARGET_NAME)";
				SWIFT_EMIT_LOC_STRINGS = YES;
				SWIFT_VERSION = 5.0;
				TARGETED_DEVICE_FAMILY = "1,2";
			};
			name = Release;
		};
/* End XCBuildConfiguration section */

/* Begin XCConfigurationList section */
		2D1938362A1A733800E40D88 /* Build configuration list for PBXProject "ExtinguishApp" */ = {
			isa = XCConfigurationList;
			buildConfigurations = (
				2D1938472A1A733900E40D88 /* Debug */,
				2D1938482A1A733900E40D88 /* Release */,
			);
			defaultConfigurationIsVisible = 0;
			defaultConfigurationName = Release;
		};
		2D1938492A1A733900E40D88 /* Build configuration list for PBXNativeTarget "ExtinguishApp" */ = {
			isa = XCConfigurationList;
			buildConfigurations = (
				2D19384A2A1A733900E40D88 /* Debug */,
				2D19384B2A1A733900E40D88 /* Release */,
			);
			defaultConfigurationIsVisible = 0;
			defaultConfigurationName = Release;
		};
/* End XCConfigurationList section */
	};
	rootObject = 2D1938332A1A733800E40D88 /* Project object */;
}
